
Microsoft Visual Studio Solution File, Format Version 12.00
# Visual Studio Version 16
VisualStudioVersion = 16.0.31729.503
MinimumVisualStudioVersion = 10.0.40219.1
Project("{9A19103F-16F7-4668-BE54-9A1E7A4F7556}") = "Seção11.152", "ConsoleApp3\Seção11.152.csproj", "{0628AF25-7FCA-411B-A7AF-53A6CA124D5B}"
EndProject
Global
	GlobalSection(SolutionConfigurationPlatforms) = preSolution
		Debug|Any CPU = Debug|Any CPU
		Release|Any CPU = Release|Any CPU
	EndGlobalSection
	GlobalSection(ProjectConfigurationPlatforms) = postSolution
		{0628AF25-7FCA-411B-A7AF-53A6CA124D5B}.Debug|Any CPU.ActiveCfg = Debug|Any CPU
		{0628AF25-7FCA-411B-A7AF-53A6CA124D5B}.Debug|Any CPU.Build.0 = Debug|Any CPU
		{0628AF25-7FCA-411B-A7AF-53A6CA124D5B}.Release|Any CPU.ActiveCfg = Release|Any CPU
		{0628AF25-7FCA-411B-A7AF-53A6CA124D5B}.Release|Any CPU.Build.0 = Release|Any CPU
	EndGlobalSection
	GlobalSection(SolutionProperties) = preSolution
		HideSolutionNode = FALSE
	EndGlobalSection
	GlobalSection(ExtensibilityGlobals) = postSolution
		SolutionGuid = {882B578B-326D-4943-8155-AA168866B170}
	EndGlobalSection
EndGlobal
